
Microsoft Visual Studio Solution File, Format Version 12.00
# Visual Studio Version 17
VisualStudioVersion = 17.5.33424.131
MinimumVisualStudioVersion = 10.0.40219.1
Project("{FAE04EC0-301F-11D3-BF4B-00C04F79EFBC}") = "HW503", "HW503\HW503.csproj", "{AE971185-0C83-4A09-93D3-ED4B01441BF3}"
EndProject
Global
	GlobalSection(SolutionConfigurationPlatforms) = preSolution
		Debug|Any CPU = Debug|Any CPU
		Release|Any CPU = Release|Any CPU
	EndGlobalSection
	GlobalSection(ProjectConfigurationPlatforms) = postSolution
		{AE971185-0C83-4A09-93D3-ED4B01441BF3}.Debug|Any CPU.ActiveCfg = Debug|Any CPU
		{AE971185-0C83-4A09-93D3-ED4B01441BF3}.Debug|Any CPU.Build.0 = Debug|Any CPU
		{AE971185-0C83-4A09-93D3-ED4B01441BF3}.Release|Any CPU.ActiveCfg = Release|Any CPU
		{AE971185-0C83-4A09-93D3-ED4B01441BF3}.Release|Any CPU.Build.0 = Release|Any CPU
	EndGlobalSection
	GlobalSection(SolutionProperties) = preSolution
		HideSolutionNode = FALSE
	EndGlobalSection
	GlobalSection(ExtensibilityGlobals) = postSolution
		SolutionGuid = {FCA506B4-DB40-404C-BC0C-FBEC753C8EAF}
	EndGlobalSection
EndGlobal
